
Microsoft Visual Studio Solution File, Format Version 12.00
# Visual Studio Version 17
VisualStudioVersion = 17.0.31903.59
MinimumVisualStudioVersion = 10.0.40219.1
Project("{2150E333-8FDC-42A3-9474-1A3956D46DE8}") = "_SolutionItems", "_SolutionItems", "{232601E3-ED5D-4FC3-92A2-8FE2088C0A79}"
EndProject
Project("{FAE04EC0-301F-11D3-BF4B-00C04F79EFBC}") = "BeanstalkFramework", "BeanstalkFramework\BeanstalkFramework.csproj", "{484C9A80-DE7B-4BC9-9B97-CCE8A9B3D009}"
EndProject
Global
	GlobalSection(SolutionConfigurationPlatforms) = preSolution
		Debug|Any CPU = Debug|Any CPU
		Release|Any CPU = Release|Any CPU
	EndGlobalSection
	GlobalSection(ProjectConfigurationPlatforms) = postSolution
		{484C9A80-DE7B-4BC9-9B97-CCE8A9B3D009}.Debug|Any CPU.ActiveCfg = Debug|Any CPU
		{484C9A80-DE7B-4BC9-9B97-CCE8A9B3D009}.Debug|Any CPU.Build.0 = Debug|Any CPU
		{484C9A80-DE7B-4BC9-9B97-CCE8A9B3D009}.Release|Any CPU.ActiveCfg = Release|Any CPU
		{484C9A80-DE7B-4BC9-9B97-CCE8A9B3D009}.Release|Any CPU.Build.0 = Release|Any CPU
	EndGlobalSection
	GlobalSection(SolutionProperties) = preSolution
		HideSolutionNode = FALSE
	EndGlobalSection
	GlobalSection(ExtensibilityGlobals) = postSolution
		SolutionGuid = {6D8DB316-63C1-4C83-9353-0C52955522FB}
	EndGlobalSection
EndGlobal
